
Microsoft Visual Studio Solution File, Format Version 12.00
# Visual Studio Version 16
VisualStudioVersion = 16.0.29613.14
MinimumVisualStudioVersion = 10.0.40219.1
Project("{FAE04EC0-301F-11D3-BF4B-00C04F79EFBC}") = "Matrix Multiplier", "Matrix Multiplier\Matrix Multiplier.csproj", "{76BF0226-1B12-4BB5-BF8F-227DA64EA2BE}"
EndProject
Global
	GlobalSection(SolutionConfigurationPlatforms) = preSolution
		Debug|Any CPU = Debug|Any CPU
		Release|Any CPU = Release|Any CPU
	EndGlobalSection
	GlobalSection(ProjectConfigurationPlatforms) = postSolution
		{76BF0226-1B12-4BB5-BF8F-227DA64EA2BE}.Debug|Any CPU.ActiveCfg = Debug|Any CPU
		{76BF0226-1B12-4BB5-BF8F-227DA64EA2BE}.Debug|Any CPU.Build.0 = Debug|Any CPU
		{76BF0226-1B12-4BB5-BF8F-227DA64EA2BE}.Release|Any CPU.ActiveCfg = Release|Any CPU
		{76BF0226-1B12-4BB5-BF8F-227DA64EA2BE}.Release|Any CPU.Build.0 = Release|Any CPU
	EndGlobalSection
	GlobalSection(SolutionProperties) = preSolution
		HideSolutionNode = FALSE
	EndGlobalSection
	GlobalSection(ExtensibilityGlobals) = postSolution
		SolutionGuid = {0752425F-7CE4-4FD9-ABB1-53B512729D17}
	EndGlobalSection
EndGlobal
